
Microsoft Visual Studio Solution File, Format Version 12.00
# Visual Studio Version 17
VisualStudioVersion = 17.3.32819.101
MinimumVisualStudioVersion = 10.0.40219.1
Project("{FAE04EC0-301F-11D3-BF4B-00C04F79EFBC}") = "RantPaw.Server", "RantPaw.Server\RantPaw.Server.csproj", "{6A3FE370-F3EC-490E-9A9C-806CA574BDEC}"
EndProject
Project("{FAE04EC0-301F-11D3-BF4B-00C04F79EFBC}") = "RantPaw.DataContext", "RantPaw.DataContext\RantPaw.DataContext.csproj", "{1BA4DA81-EE88-4D62-B202-B66D1123E67D}"
EndProject
Project("{FAE04EC0-301F-11D3-BF4B-00C04F79EFBC}") = "RantPaw.Models.Entities", "RantPaw.Models.Entities\RantPaw.Models.Entities.csproj", "{38FB1E5B-0497-4E55-9310-379E5651FCFC}"
EndProject
Project("{FAE04EC0-301F-11D3-BF4B-00C04F79EFBC}") = "RantPaw.Services.Server", "RantPaw.Services.Server\RantPaw.Services.Server.csproj", "{176A770D-C5CC-4665-A353-CE467F332E00}"
EndProject
Project("{FAE04EC0-301F-11D3-BF4B-00C04F79EFBC}") = "RantPaw.Repositories", "RantPaw.Repositories\RantPaw.Repositories.csproj", "{8302156E-DEAB-442B-AF08-916AA8B712B4}"
EndProject
Project("{FAE04EC0-301F-11D3-BF4B-00C04F79EFBC}") = "RantPaw.Models.DTOS", "RantPaw.Models.DTOS\RantPaw.Models.DTOS.csproj", "{FEAC8877-13EC-49F3-8F15-69E352EEBED0}"
EndProject
Project("{FAE04EC0-301F-11D3-BF4B-00C04F79EFBC}") = "RantPaw.Models.ServiceModels", "RantPaw.Models.ServiceModels\RantPaw.Models.ServiceModels.csproj", "{F48B8878-DC88-4ED5-B498-87A183D9DDA5}"
EndProject
Project("{FAE04EC0-301F-11D3-BF4B-00C04F79EFBC}") = "RantPaw.StaticData", "RantPaw.StaticData\RantPaw.StaticData.csproj", "{1A70CCFE-43A6-4BA8-8670-05C038B96B62}"
EndProject
Project("{FAE04EC0-301F-11D3-BF4B-00C04F79EFBC}") = "RantPaw.Web", "RantPaw.Web\RantPaw.Web.csproj", "{11401BB2-423F-44B6-9688-999CB20D92C9}"
EndProject
Project("{FAE04EC0-301F-11D3-BF4B-00C04F79EFBC}") = "RantPaw.Services.Web", "RantPaw.Services.Web\RantPaw.Services.Web.csproj", "{9F7D5EB1-60C5-40D5-BDEE-A1915A268601}"
EndProject
Global
	GlobalSection(SolutionConfigurationPlatforms) = preSolution
		Debug|Any CPU = Debug|Any CPU
		Release|Any CPU = Release|Any CPU
	EndGlobalSection
	GlobalSection(ProjectConfigurationPlatforms) = postSolution
		{6A3FE370-F3EC-490E-9A9C-806CA574BDEC}.Debug|Any CPU.ActiveCfg = Debug|Any CPU
		{6A3FE370-F3EC-490E-9A9C-806CA574BDEC}.Debug|Any CPU.Build.0 = Debug|Any CPU
		{6A3FE370-F3EC-490E-9A9C-806CA574BDEC}.Release|Any CPU.ActiveCfg = Release|Any CPU
		{6A3FE370-F3EC-490E-9A9C-806CA574BDEC}.Release|Any CPU.Build.0 = Release|Any CPU
		{1BA4DA81-EE88-4D62-B202-B66D1123E67D}.Debug|Any CPU.ActiveCfg = Debug|Any CPU
		{1BA4DA81-EE88-4D62-B202-B66D1123E67D}.Debug|Any CPU.Build.0 = Debug|Any CPU
		{1BA4DA81-EE88-4D62-B202-B66D1123E67D}.Release|Any CPU.ActiveCfg = Release|Any CPU
		{1BA4DA81-EE88-4D62-B202-B66D1123E67D}.Release|Any CPU.Build.0 = Release|Any CPU
		{38FB1E5B-0497-4E55-9310-379E5651FCFC}.Debug|Any CPU.ActiveCfg = Debug|Any CPU
		{38FB1E5B-0497-4E55-9310-379E5651FCFC}.Debug|Any CPU.Build.0 = Debug|Any CPU
		{38FB1E5B-0497-4E55-9310-379E5651FCFC}.Release|Any CPU.ActiveCfg = Release|Any CPU
		{38FB1E5B-0497-4E55-9310-379E5651FCFC}.Release|Any CPU.Build.0 = Release|Any CPU
		{176A770D-C5CC-4665-A353-CE467F332E00}.Debug|Any CPU.ActiveCfg = Debug|Any CPU
		{176A770D-C5CC-4665-A353-CE467F332E00}.Debug|Any CPU.Build.0 = Debug|Any CPU
		{176A770D-C5CC-4665-A353-CE467F332E00}.Release|Any CPU.ActiveCfg = Release|Any CPU
		{176A770D-C5CC-4665-A353-CE467F332E00}.Release|Any CPU.Build.0 = Release|Any CPU
		{8302156E-DEAB-442B-AF08-916AA8B712B4}.Debug|Any CPU.ActiveCfg = Debug|Any CPU
		{8302156E-DEAB-442B-AF08-916AA8B712B4}.Debug|Any CPU.Build.0 = Debug|Any CPU
		{8302156E-DEAB-442B-AF08-916AA8B712B4}.Release|Any CPU.ActiveCfg = Release|Any CPU
		{8302156E-DEAB-442B-AF08-916AA8B712B4}.Release|Any CPU.Build.0 = Release|Any CPU
		{FEAC8877-13EC-49F3-8F15-69E352EEBED0}.Debug|Any CPU.ActiveCfg = Debug|Any CPU
		{FEAC8877-13EC-49F3-8F15-69E352EEBED0}.Debug|Any CPU.Build.0 = Debug|Any CPU
		{FEAC8877-13EC-49F3-8F15-69E352EEBED0}.Release|Any CPU.ActiveCfg = Release|Any CPU
		{FEAC8877-13EC-49F3-8F15-69E352EEBED0}.Release|Any CPU.Build.0 = Release|Any CPU
		{F48B8878-DC88-4ED5-B498-87A183D9DDA5}.Debug|Any CPU.ActiveCfg = Debug|Any CPU
		{F48B8878-DC88-4ED5-B498-87A183D9DDA5}.Debug|Any CPU.Build.0 = Debug|Any CPU
		{F48B8878-DC88-4ED5-B498-87A183D9DDA5}.Release|Any CPU.ActiveCfg = Release|Any CPU
		{F48B8878-DC88-4ED5-B498-87A183D9DDA5}.Release|Any CPU.Build.0 = Release|Any CPU
		{1A70CCFE-43A6-4BA8-8670-05C038B96B62}.Debug|Any CPU.ActiveCfg = Debug|Any CPU
		{1A70CCFE-43A6-4BA8-8670-05C038B96B62}.Debug|Any CPU.Build.0 = Debug|Any CPU
		{1A70CCFE-43A6-4BA8-8670-05C038B96B62}.Release|Any CPU.ActiveCfg = Release|Any CPU
		{1A70CCFE-43A6-4BA8-8670-05C038B96B62}.Release|Any CPU.Build.0 = Release|Any CPU
		{11401BB2-423F-44B6-9688-999CB20D92C9}.Debug|Any CPU.ActiveCfg = Debug|Any CPU
		{11401BB2-423F-44B6-9688-999CB20D92C9}.Debug|Any CPU.Build.0 = Debug|Any CPU
		{11401BB2-423F-44B6-9688-999CB20D92C9}.Release|Any CPU.ActiveCfg = Release|Any CPU
		{11401BB2-423F-44B6-9688-999CB20D92C9}.Release|Any CPU.Build.0 = Release|Any CPU
		{9F7D5EB1-60C5-40D5-BDEE-A1915A268601}.Debug|Any CPU.ActiveCfg = Debug|Any CPU
		{9F7D5EB1-60C5-40D5-BDEE-A1915A268601}.Debug|Any CPU.Build.0 = Debug|Any CPU
		{9F7D5EB1-60C5-40D5-BDEE-A1915A268601}.Release|Any CPU.ActiveCfg = Release|Any CPU
		{9F7D5EB1-60C5-40D5-BDEE-A1915A268601}.Release|Any CPU.Build.0 = Release|Any CPU
	EndGlobalSection
	GlobalSection(SolutionProperties) = preSolution
		HideSolutionNode = FALSE
	EndGlobalSection
	GlobalSection(ExtensibilityGlobals) = postSolution
		SolutionGuid = {AEAF2775-EC75-4ED3-8153-B8FE5037E58C}
	EndGlobalSection
EndGlobal
